version: 6
environments:
  default:
    channels:
    - url: https://conda.anaconda.org/conda-forge/
    indexes:
    - https://pypi.org/simple
    options:
      pypi-prerelease-mode: if-necessary-or-explicit
    packages:
      linux-64:
      - conda: https://conda.anaconda.org/conda-forge/linux-64/_openmp_mutex-4.5-7_kmp_llvm.conda
      - conda: https://conda.anaconda.org/conda-forge/noarch/asttokens-3.0.1-pyhd8ed1ab_0.conda
      - conda: https://conda.anaconda.org/conda-forge/linux-64/bzip2-1.0.8-hda65f42_8.conda
      - conda: https://conda.anaconda.org/conda-forge/noarch/ca-certificates-2025.10.5-hbd8a1cb_0.conda
      - conda: https://conda.anaconda.org/conda-forge/noarch/cpython-3.13.11-py313hd8ed1ab_101.conda
      - conda: https://conda.anaconda.org/conda-forge/noarch/decorator-5.2.1-pyhd8ed1ab_0.conda
      - conda: https://conda.anaconda.org/conda-forge/noarch/executing-2.2.1-pyhd8ed1ab_0.conda
      - conda: https://conda.anaconda.org/conda-forge/noarch/filelock-3.20.3-pyhd8ed1ab_0.conda
      - conda: https://conda.anaconda.org/conda-forge/linux-64/fmt-12.1.0-hff5e90c_0.conda
      - conda: https://conda.anaconda.org/conda-forge/noarch/fsspec-2026.1.0-pyhd8ed1ab_0.conda
      - conda: https://conda.anaconda.org/conda-forge/linux-64/gmp-6.3.0-hac33072_2.conda
      - conda: https://conda.anaconda.org/conda-forge/linux-64/gmpy2-2.2.1-py313h86d8783_2.conda
      - conda: https://conda.anaconda.org/conda-forge/linux-64/icu-75.1-he02047a_0.conda
      - conda: https://conda.anaconda.org/conda-forge/noarch/ipython-9.9.0-pyh53cf698_0.conda
      - conda: https://conda.anaconda.org/conda-forge/noarch/ipython_pygments_lexers-1.1.1-pyhd8ed1ab_0.conda
      - conda: https://conda.anaconda.org/conda-forge/noarch/jedi-0.19.2-pyhd8ed1ab_1.conda
      - conda: https://conda.anaconda.org/conda-forge/noarch/jinja2-3.1.6-pyhcf101f3_1.conda
      - conda: https://conda.anaconda.org/conda-forge/linux-64/ld_impl_linux-64-2.45-default_hbd61a6d_105.conda
      - conda: https://conda.anaconda.org/conda-forge/linux-64/libabseil-20250512.1-cxx17_hba17884_0.conda
      - conda: https://conda.anaconda.org/conda-forge/linux-64/libblas-3.11.0-5_h5875eb1_mkl.conda
      - conda: https://conda.anaconda.org/conda-forge/linux-64/libcblas-3.11.0-5_hfef963f_mkl.conda
      - conda: https://conda.anaconda.org/conda-forge/linux-64/libexpat-2.7.3-hecca717_0.conda
      - conda: https://conda.anaconda.org/conda-forge/linux-64/libffi-3.5.2-h3435931_0.conda
      - conda: https://conda.anaconda.org/conda-forge/linux-64/libgcc-15.2.0-h767d61c_6.conda
      - conda: https://conda.anaconda.org/conda-forge/linux-64/libgcc-ng-15.2.0-h69a702a_6.conda
      - conda: https://conda.anaconda.org/conda-forge/linux-64/libhwloc-2.12.2-default_hafda6a7_1000.conda
      - conda: https://conda.anaconda.org/conda-forge/linux-64/libiconv-1.18-h3b78370_2.conda
      - conda: https://conda.anaconda.org/conda-forge/linux-64/liblapack-3.11.0-5_h5e43f62_mkl.conda
      - conda: https://conda.anaconda.org/conda-forge/linux-64/liblzma-5.8.2-hb03c661_0.conda
      - conda: https://conda.anaconda.org/conda-forge/linux-64/libmpdec-4.0.0-hb03c661_1.conda
      - conda: https://conda.anaconda.org/conda-forge/linux-64/libprotobuf-6.31.1-h49aed37_4.conda
      - conda: https://conda.anaconda.org/conda-forge/linux-64/libsqlite-3.51.2-h0c1763c_0.conda
      - conda: https://conda.anaconda.org/conda-forge/linux-64/libstdcxx-15.2.0-h8f9b012_6.conda
      - conda: https://conda.anaconda.org/conda-forge/linux-64/libstdcxx-ng-15.2.0-h4852527_6.conda
      - conda: https://conda.anaconda.org/conda-forge/linux-64/libtorch-2.9.1-cpu_mkl_hb142093_104.conda
      - conda: https://conda.anaconda.org/conda-forge/linux-64/libuuid-2.41.3-h5347b49_0.conda
      - conda: https://conda.anaconda.org/conda-forge/linux-64/libuv-1.51.0-hb03c661_1.conda
      - conda: https://conda.anaconda.org/conda-forge/linux-64/libxml2-16-2.15.1-ha9997c6_0.conda
      - conda: https://conda.anaconda.org/conda-forge/linux-64/libxml2-2.15.1-h26afc86_0.conda
      - conda: https://conda.anaconda.org/conda-forge/linux-64/libzlib-1.3.1-hb9d3cd8_2.conda
      - conda: https://conda.anaconda.org/conda-forge/linux-64/llvm-openmp-21.1.8-h4922eb0_0.conda
      - conda: https://conda.anaconda.org/conda-forge/linux-64/markupsafe-3.0.3-py313h3dea7bd_0.conda
      - conda: https://conda.anaconda.org/conda-forge/noarch/matplotlib-inline-0.2.1-pyhd8ed1ab_0.conda
      - conda: https://conda.anaconda.org/conda-forge/linux-64/mkl-2025.3.0-h0e700b2_463.conda
      - conda: https://conda.anaconda.org/conda-forge/linux-64/mpc-1.3.1-h24ddda3_1.conda
      - conda: https://conda.anaconda.org/conda-forge/linux-64/mpfr-4.2.1-h90cbb55_3.conda
      - conda: https://conda.anaconda.org/conda-forge/noarch/mpmath-1.3.0-pyhd8ed1ab_1.conda
      - conda: https://conda.anaconda.org/conda-forge/linux-64/ncurses-6.5-h2d0b736_3.conda
      - conda: https://conda.anaconda.org/conda-forge/noarch/networkx-3.6.1-pyhcf101f3_0.conda
      - conda: https://conda.anaconda.org/conda-forge/linux-64/nodejs-24.9.0-heeeca48_0.conda
      - conda: https://conda.anaconda.org/conda-forge/linux-64/numpy-2.4.1-py313hf6604e3_0.conda
      - conda: https://conda.anaconda.org/conda-forge/linux-64/openssl-3.5.4-h26f9b46_0.conda
      - conda: https://conda.anaconda.org/conda-forge/linux-64/optree-0.18.0-py313h7037e92_0.conda
      - conda: https://conda.anaconda.org/conda-forge/noarch/parso-0.8.5-pyhcf101f3_0.conda
      - conda: https://conda.anaconda.org/conda-forge/noarch/pexpect-4.9.0-pyhd8ed1ab_1.conda
      - conda: https://conda.anaconda.org/conda-forge/noarch/pip-26.0.1-pyh145f28c_0.conda
      - conda: https://conda.anaconda.org/conda-forge/noarch/prompt-toolkit-3.0.52-pyha770c72_0.conda
      - conda: https://conda.anaconda.org/conda-forge/noarch/ptyprocess-0.7.0-pyhd8ed1ab_1.conda
      - conda: https://conda.anaconda.org/conda-forge/noarch/pure_eval-0.2.3-pyhd8ed1ab_1.conda
      - conda: https://conda.anaconda.org/conda-forge/noarch/pybind11-3.0.1-pyh7a1b43c_0.conda
      - conda: https://conda.anaconda.org/conda-forge/noarch/pybind11-abi-11-hc364b38_1.conda
      - conda: https://conda.anaconda.org/conda-forge/noarch/pybind11-global-3.0.1-pyhc7ab6ef_0.conda
      - conda: https://conda.anaconda.org/conda-forge/noarch/pygments-2.19.2-pyhd8ed1ab_0.conda
      - conda: https://conda.anaconda.org/conda-forge/linux-64/python-3.13.11-hc97d973_101_cp313.conda
      - conda: https://conda.anaconda.org/conda-forge/noarch/python_abi-3.13-8_cp313.conda
      - conda: https://conda.anaconda.org/conda-forge/linux-64/pytorch-2.9.1-cpu_mkl_py313_hc56ae27_104.conda
      - conda: https://conda.anaconda.org/conda-forge/linux-64/readline-8.3-h853b02a_0.conda
      - conda: https://conda.anaconda.org/conda-forge/noarch/setuptools-80.10.2-pyh332efcf_0.conda
      - conda: https://conda.anaconda.org/conda-forge/linux-64/sleef-3.9.0-ha0421bc_0.conda
      - conda: https://conda.anaconda.org/conda-forge/noarch/stack_data-0.6.3-pyhd8ed1ab_1.conda
      - conda: https://conda.anaconda.org/conda-forge/noarch/sympy-1.14.0-pyh2585a3b_105.conda
      - conda: https://conda.anaconda.org/conda-forge/linux-64/tbb-2022.3.0-hb700be7_2.conda
      - conda: https://conda.anaconda.org/conda-forge/linux-64/tk-8.6.13-noxft_h366c992_103.conda
      - conda: https://conda.anaconda.org/conda-forge/noarch/traitlets-5.14.3-pyhd8ed1ab_1.conda
      - conda: https://conda.anaconda.org/conda-forge/noarch/typing-extensions-4.15.0-h396c80c_0.conda
      - conda: https://conda.anaconda.org/conda-forge/noarch/typing_extensions-4.15.0-pyhcf101f3_0.conda
      - conda: https://conda.anaconda.org/conda-forge/noarch/tzdata-2025c-hc9c84f9_1.conda
      - conda: https://conda.anaconda.org/conda-forge/linux-64/uv-0.9.30-h6dd6661_0.conda
      - conda: https://conda.anaconda.org/conda-forge/noarch/wcwidth-0.5.3-pyhd8ed1ab_0.conda
      - conda: https://conda.anaconda.org/conda-forge/linux-64/zstd-1.5.7-hb78ec9c_6.conda
      - pypi: https://files.pythonhosted.org/packages/f9/23/6b4c733aa2900cfc7b9856a649d5cfd173914bfa73b6069a63a115506d9a/metatensor_core-0.1.19-py3-none-manylinux2014_x86_64.manylinux_2_17_x86_64.whl
      - pypi: https://files.pythonhosted.org/packages/63/e6/60691e210a43b738249ee9abb3f2343dece72d0b821fda3d4023e061d26a/metatensor_operations-0.4.0-py3-none-any.whl
      - pypi: https://files.pythonhosted.org/packages/46/c7/844739309a227216e3b20049ec76cc0c0ca769c56d46f2434488316f5bbd/metatensor_torch-0.8.4-py3-none-manylinux2014_x86_64.manylinux_2_17_x86_64.manylinux_2_28_x86_64.whl
      - pypi: https://files.pythonhosted.org/packages/85/4e/3b2a61f99bc2e9f18ad68b6f8ed91c132a618aa84ebccd98e42dc9cf2f22/metatomic_torch-0.1.7-py3-none-manylinux2014_x86_64.manylinux_2_17_x86_64.manylinux_2_28_x86_64.whl
      - pypi: https://files.pythonhosted.org/packages/f6/66/fe9c41fcf5fe73637997e632a488637d8283fe7bed327b147d26e4964a20/vesin-0.4.2-py3-none-manylinux2014_x86_64.manylinux_2_17_x86_64.whl
packages:
- conda: https://conda.anaconda.org/conda-forge/linux-64/_openmp_mutex-4.5-7_kmp_llvm.conda
  build_number: 7
  sha256: c0cddb66070dd6355311f7667ce2acccf70d1013edaa6e97f22859502fefdb22
  md5: 887b70e1d607fba7957aa02f9ee0d939
  depends:
  - llvm-openmp >=9.0.1
  license: BSD-3-Clause
  license_family: BSD
  purls: []
  size: 8244
  timestamp: 1764092331208
- conda: https://conda.anaconda.org/conda-forge/noarch/asttokens-3.0.1-pyhd8ed1ab_0.conda
  sha256: ee4da0f3fe9d59439798ee399ef3e482791e48784873d546e706d0935f9ff010
  md5: 9673a61a297b00016442e022d689faa6
  depends:
  - python >=3.10
  constrains:
  - astroid >=2,<5
  license: Apache-2.0
  license_family: Apache
  purls:
  - pkg:pypi/asttokens?source=hash-mapping
  size: 28797
  timestamp: 1763410017955
- conda: https://conda.anaconda.org/conda-forge/linux-64/bzip2-1.0.8-hda65f42_8.conda
  sha256: c30daba32ddebbb7ded490f0e371eae90f51e72db620554089103b4a6934b0d5
  md5: 51a19bba1b8ebfb60df25cde030b7ebc
  depends:
  - __glibc >=2.17,<3.0.a0
  - libgcc >=14
  license: bzip2-1.0.6
  license_family: BSD
  purls: []
  size: 260341
  timestamp: 1757437258798
- conda: https://conda.anaconda.org/conda-forge/noarch/ca-certificates-2025.10.5-hbd8a1cb_0.conda
  sha256: 3b5ad78b8bb61b6cdc0978a6a99f8dfb2cc789a451378d054698441005ecbdb6
  md5: f9e5fbc24009179e8b0409624691758a
  depends:
  - __unix
  license: ISC
  purls: []
  size: 155907
  timestamp: 1759649036195
- conda: https://conda.anaconda.org/conda-forge/noarch/cpython-3.13.11-py313hd8ed1ab_101.conda
  noarch: generic
  sha256: f851800da77f360e39235383d685b6e3be4edf28fe233f3bcf09c45293f39ae1
  md5: c74a6b9e8694e5122949f611d1552df5
  depends:
  - python >=3.13,<3.14.0a0
  - python_abi * *_cp313
  license: Python-2.0
  purls: []
  size: 48249
  timestamp: 1769471321757
- conda: https://conda.anaconda.org/conda-forge/noarch/decorator-5.2.1-pyhd8ed1ab_0.conda
  sha256: c17c6b9937c08ad63cb20a26f403a3234088e57d4455600974a0ce865cb14017
  md5: 9ce473d1d1be1cc3810856a48b3fab32
  depends:
  - python >=3.9
  license: BSD-2-Clause
  license_family: BSD
  purls:
  - pkg:pypi/decorator?source=hash-mapping
  size: 14129
  timestamp: 1740385067843
- conda: https://conda.anaconda.org/conda-forge/noarch/executing-2.2.1-pyhd8ed1ab_0.conda
  sha256: 210c8165a58fdbf16e626aac93cc4c14dbd551a01d1516be5ecad795d2422cad
  md5: ff9efb7f7469aed3c4a8106ffa29593c
  depends:
  - python >=3.10
  license: MIT
  license_family: MIT
  purls:
  - pkg:pypi/executing?source=hash-mapping
  size: 30753
  timestamp: 1756729456476
- conda: https://conda.anaconda.org/conda-forge/noarch/filelock-3.20.3-pyhd8ed1ab_0.conda
  sha256: 8b90dc21f00167a7e58abb5141a140bdb31a7c5734fe1361b5f98f4a4183fd32
  md5: 2cfaaccf085c133a477f0a7a8657afe9
  depends:
  - python >=3.10
  license: Unlicense
  purls:
  - pkg:pypi/filelock?source=hash-mapping
  size: 18661
  timestamp: 1768022315929
- conda: https://conda.anaconda.org/conda-forge/linux-64/fmt-12.1.0-hff5e90c_0.conda
  sha256: d4e92ba7a7b4965341dc0fca57ec72d01d111b53c12d11396473115585a9ead6
  md5: f7d7a4104082b39e3b3473fbd4a38229
  depends:
  - __glibc >=2.17,<3.0.a0
  - libgcc >=14
  - libstdcxx >=14
  license: MIT
  license_family: MIT
  purls: []
  size: 198107
  timestamp: 1767681153946
- conda: https://conda.anaconda.org/conda-forge/noarch/fsspec-2026.1.0-pyhd8ed1ab_0.conda
  sha256: bfba6c280366f48b00a6a7036988fc2bc3fea5ac1d8303152c9da69d72a22936
  md5: 1daaf94a304a27ba3446a306235a37ea
  depends:
  - python >=3.10
  license: BSD-3-Clause
  license_family: BSD
  purls:
  - pkg:pypi/fsspec?source=compressed-mapping
  size: 148116
  timestamp: 1768000866082
- conda: https://conda.anaconda.org/conda-forge/linux-64/gmp-6.3.0-hac33072_2.conda
  sha256: 309cf4f04fec0c31b6771a5809a1909b4b3154a2208f52351e1ada006f4c750c
  md5: c94a5994ef49749880a8139cf9afcbe1
  depends:
  - libgcc-ng >=12
  - libstdcxx-ng >=12
  license: GPL-2.0-or-later OR LGPL-3.0-or-later
  purls: []
  size: 460055
  timestamp: 1718980856608
- conda: https://conda.anaconda.org/conda-forge/linux-64/gmpy2-2.2.1-py313h86d8783_2.conda
  sha256: 6bec1e6178285e62abc81f2f25e63913b541156004afb458387b66c7959469b2
  md5: d904f240d2d2500d4906361c67569217
  depends:
  - __glibc >=2.17,<3.0.a0
  - gmp >=6.3.0,<7.0a0
  - libgcc >=14
  - mpc >=1.3.1,<2.0a0
  - mpfr >=4.2.1,<5.0a0
  - python >=3.13,<3.14.0a0
  - python_abi 3.13.* *_cp313
  license: LGPL-3.0-or-later
  license_family: LGPL
  purls:
  - pkg:pypi/gmpy2?source=hash-mapping
  size: 215019
  timestamp: 1762946917870
- conda: https://conda.anaconda.org/conda-forge/linux-64/icu-75.1-he02047a_0.conda
  sha256: 71e750d509f5fa3421087ba88ef9a7b9be11c53174af3aa4d06aff4c18b38e8e
  md5: 8b189310083baabfb622af68fd9d3ae3
  depends:
  - __glibc >=2.17,<3.0.a0
  - libgcc-ng >=12
  - libstdcxx-ng >=12
  license: MIT
  license_family: MIT
  purls: []
  size: 12129203
  timestamp: 1720853576813
- conda: https://conda.anaconda.org/conda-forge/noarch/ipython-9.9.0-pyh53cf698_0.conda
  sha256: 4ff1733c59b72cf0c8ed9ddb6e948e99fc6b79b76989282c0c7a46aab56e6176
  md5: 8481978caa2f108e6ddbf8008a345546
  depends:
  - __unix
  - pexpect >4.3
  - decorator >=4.3.2
  - ipython_pygments_lexers >=1.0.0
  - jedi >=0.18.1
  - matplotlib-inline >=0.1.5
  - prompt-toolkit >=3.0.41,<3.1.0
  - pygments >=2.11.0
  - python >=3.11
  - stack_data >=0.6.0
  - traitlets >=5.13.0
  - typing_extensions >=4.6
  - python
  license: BSD-3-Clause
  license_family: BSD
  purls:
  - pkg:pypi/ipython?source=compressed-mapping
  size: 646242
  timestamp: 1767621166614
- conda: https://conda.anaconda.org/conda-forge/noarch/ipython_pygments_lexers-1.1.1-pyhd8ed1ab_0.conda
  sha256: 894682a42a7d659ae12878dbcb274516a7031bbea9104e92f8e88c1f2765a104
  md5: bd80ba060603cc228d9d81c257093119
  depends:
  - pygments
  - python >=3.9
  license: BSD-3-Clause
  license_family: BSD
  purls:
  - pkg:pypi/ipython-pygments-lexers?source=hash-mapping
  size: 13993
  timestamp: 1737123723464
- conda: https://conda.anaconda.org/conda-forge/noarch/jedi-0.19.2-pyhd8ed1ab_1.conda
  sha256: 92c4d217e2dc68983f724aa983cca5464dcb929c566627b26a2511159667dba8
  md5: a4f4c5dc9b80bc50e0d3dc4e6e8f1bd9
  depends:
  - parso >=0.8.3,<0.9.0
  - python >=3.9
  license: Apache-2.0 AND MIT
  purls:
  - pkg:pypi/jedi?source=hash-mapping
  size: 843646
  timestamp: 1733300981994
- conda: https://conda.anaconda.org/conda-forge/noarch/jinja2-3.1.6-pyhcf101f3_1.conda
  sha256: fc9ca7348a4f25fed2079f2153ecdcf5f9cf2a0bc36c4172420ca09e1849df7b
  md5: 04558c96691bed63104678757beb4f8d
  depends:
  - markupsafe >=2.0
  - python >=3.10
  - python
  license: BSD-3-Clause
  license_family: BSD
  purls:
  - pkg:pypi/jinja2?source=compressed-mapping
  size: 120685
  timestamp: 1764517220861
- conda: https://conda.anaconda.org/conda-forge/linux-64/ld_impl_linux-64-2.45-default_hbd61a6d_105.conda
  sha256: 1027bd8aa0d5144e954e426ab6218fd5c14e54a98f571985675468b339c808ca
  md5: 3ec0aa5037d39b06554109a01e6fb0c6
  depends:
  - __glibc >=2.17,<3.0.a0
  - zstd >=1.5.7,<1.6.0a0
  constrains:
  - binutils_impl_linux-64 2.45
  license: GPL-3.0-only
  license_family: GPL
  purls: []
  size: 730831
  timestamp: 1766513089214
- conda: https://conda.anaconda.org/conda-forge/linux-64/libabseil-20250512.1-cxx17_hba17884_0.conda
  sha256: dcd1429a1782864c452057a6c5bc1860f2b637dc20a2b7e6eacd57395bbceff8
  md5: 83b160d4da3e1e847bf044997621ed63
  depends:
  - __glibc >=2.17,<3.0.a0
  - libgcc >=13
  - libstdcxx >=13
  constrains:
  - libabseil-static =20250512.1=cxx17*
  - abseil-cpp =20250512.1
  license: Apache-2.0
  license_family: Apache
  purls: []
  size: 1310612
  timestamp: 1750194198254
- conda: https://conda.anaconda.org/conda-forge/linux-64/libblas-3.11.0-5_h5875eb1_mkl.conda
  build_number: 5
  sha256: 328d64d4eb51047c39a8039a30eb47695855829d0a11b72d932171cb1dcdfad3
  md5: 9d2f2e3a943d38f972ceef9cde8ba4bf
  depends:
  - mkl >=2025.3.0,<2026.0a0
  constrains:
  - liblapack  3.11.0   5*_mkl
  - liblapacke 3.11.0   5*_mkl
  - libcblas   3.11.0   5*_mkl
  - blas 2.305   mkl
  track_features:
  - blas_mkl
  - blas_mkl_2
  license: BSD-3-Clause
  license_family: BSD
  purls: []
  size: 18744
  timestamp: 1765818556597
- conda: https://conda.anaconda.org/conda-forge/linux-64/libcblas-3.11.0-5_hfef963f_mkl.conda
  build_number: 5
  sha256: 8352f472c49c42a83a20387b5f6addab1f910c5a62f4f5b8998d7dc89131ba2e
  md5: 9b6cb3aa4b7912121c64b97a76ca43d5
  depends:
  - libblas 3.11.0 5_h5875eb1_mkl
  constrains:
  - liblapack  3.11.0   5*_mkl
  - liblapacke 3.11.0   5*_mkl
  - blas 2.305   mkl
  track_features:
  - blas_mkl
  license: BSD-3-Clause
  license_family: BSD
  purls: []
  size: 18385
  timestamp: 1765818571086
- conda: https://conda.anaconda.org/conda-forge/linux-64/libexpat-2.7.3-hecca717_0.conda
  sha256: 1e1b08f6211629cbc2efe7a5bca5953f8f6b3cae0eeb04ca4dacee1bd4e2db2f
  md5: 8b09ae86839581147ef2e5c5e229d164
  depends:
  - __glibc >=2.17,<3.0.a0
  - libgcc >=14
  constrains:
  - expat 2.7.3.*
  license: MIT
  license_family: MIT
  purls: []
  size: 76643
  timestamp: 1763549731408
- conda: https://conda.anaconda.org/conda-forge/linux-64/libffi-3.5.2-h3435931_0.conda
  sha256: 31f19b6a88ce40ebc0d5a992c131f57d919f73c0b92cd1617a5bec83f6e961e6
  md5: a360c33a5abe61c07959e449fa1453eb
  depends:
  - __glibc >=2.17,<3.0.a0
  - libgcc >=14
  license: MIT
  license_family: MIT
  purls: []
  size: 58592
  timestamp: 1769456073053
- conda: https://conda.anaconda.org/conda-forge/linux-64/libgcc-15.2.0-h767d61c_6.conda
  sha256: 29c6ce15cf54f89282581d19329c99d1639036c5dde049bf1cae48dcc4137470
  md5: 99eee6aa5abea12f326f7fc010aef0c8
  depends:
  - __glibc >=2.17,<3.0.a0
  - _openmp_mutex >=4.5
  constrains:
  - libgomp 15.2.0 h767d61c_6
  - libgcc-ng ==15.2.0=*_6
  license: GPL-3.0-only WITH GCC-exception-3.1
  license_family: GPL
  purls: []
  size: 823770
  timestamp: 1759796589812
- conda: https://conda.anaconda.org/conda-forge/linux-64/libgcc-ng-15.2.0-h69a702a_6.conda
  sha256: 12c91470ceb8d7d38fcee1a4ff1f50524625349059988f6bd0e8e6b27599a1ad
  md5: d9717466cca9b9584226ce57a7cd58e6
  depends:
  - libgcc 15.2.0 h767d61c_6
  license: GPL-3.0-only WITH GCC-exception-3.1
  license_family: GPL
  purls: []
  size: 29249
  timestamp: 1759796603487
- conda: https://conda.anaconda.org/conda-forge/linux-64/libhwloc-2.12.2-default_hafda6a7_1000.conda
  sha256: 2cf160794dda62cf93539adf16d26cfd31092829f2a2757dbdd562984c1b110a
  md5: 0ed3aa3e3e6bc85050d38881673a692f
  depends:
  - __glibc >=2.17,<3.0.a0
  - libgcc >=14
  - libstdcxx >=14
  - libxml2
  - libxml2-16 >=2.14.6
  license: BSD-3-Clause
  license_family: BSD
  purls: []
  size: 2449916
  timestamp: 1765103845133
- conda: https://conda.anaconda.org/conda-forge/linux-64/libiconv-1.18-h3b78370_2.conda
  sha256: c467851a7312765447155e071752d7bf9bf44d610a5687e32706f480aad2833f
  md5: 915f5995e94f60e9a4826e0b0920ee88
  depends:
  - __glibc >=2.17,<3.0.a0
  - libgcc >=14
  license: LGPL-2.1-only
  purls: []
  size: 790176
  timestamp: 1754908768807
- conda: https://conda.anaconda.org/conda-forge/linux-64/liblapack-3.11.0-5_h5e43f62_mkl.conda
  build_number: 5
  sha256: b411a9dccb21cd6231f8f66b63916a6520a7b23363e6f9d1d111e8660f2798b0
  md5: 88155c848e1278b0990692e716c9eab4
  depends:
  - libblas 3.11.0 5_h5875eb1_mkl
  constrains:
  - liblapacke 3.11.0   5*_mkl
  - libcblas   3.11.0   5*_mkl
  - blas 2.305   mkl
  track_features:
  - blas_mkl
  license: BSD-3-Clause
  license_family: BSD
  purls: []
  size: 18398
  timestamp: 1765818583873
- conda: https://conda.anaconda.org/conda-forge/linux-64/liblzma-5.8.2-hb03c661_0.conda
  sha256: 755c55ebab181d678c12e49cced893598f2bab22d582fbbf4d8b83c18be207eb
  md5: c7c83eecbb72d88b940c249af56c8b17
  depends:
  - __glibc >=2.17,<3.0.a0
  - libgcc >=14
  constrains:
  - xz 5.8.2.*
  license: 0BSD
  purls: []
  size: 113207
  timestamp: 1768752626120
- conda: https://conda.anaconda.org/conda-forge/linux-64/libmpdec-4.0.0-hb03c661_1.conda
  sha256: fe171ed5cf5959993d43ff72de7596e8ac2853e9021dec0344e583734f1e0843
  md5: 2c21e66f50753a083cbe6b80f38268fa
  depends:
  - __glibc >=2.17,<3.0.a0
  - libgcc >=14
  license: BSD-2-Clause
  license_family: BSD
  purls: []
  size: 92400
  timestamp: 1769482286018
- conda: https://conda.anaconda.org/conda-forge/linux-64/libprotobuf-6.31.1-h49aed37_4.conda
  sha256: 0ef142ac31e6fd59b4af89ac800acb6deb3fbd9cc4ccf070c03cc2c784dc7296
  md5: 07479fc04ba3ddd5d9f760ef1635cfa7
  depends:
  - __glibc >=2.17,<3.0.a0
  - libabseil * cxx17*
  - libabseil >=20250512.1,<20250513.0a0
  - libgcc >=14
  - libstdcxx >=14
  - libzlib >=1.3.1,<2.0a0
  license: BSD-3-Clause
  license_family: BSD
  purls: []
  size: 4372578
  timestamp: 1766316228461
- conda: https://conda.anaconda.org/conda-forge/linux-64/libsqlite-3.51.2-h0c1763c_0.conda
  sha256: c1ff4589b48d32ca0a2628970d869fa9f7b2c2d00269a3761edc7e9e4c1ab7b8
  md5: f7d30045eccb83f2bb8053041f42db3c
  depends:
  - __glibc >=2.17,<3.0.a0
  - libgcc >=14
  - libzlib >=1.3.1,<2.0a0
  license: blessing
  purls: []
  size: 939312
  timestamp: 1768147967568
- conda: https://conda.anaconda.org/conda-forge/linux-64/libstdcxx-15.2.0-h8f9b012_6.conda
  sha256: fafd1c1320384a664f57e5d75568f214a31fe2201fc8baace6c15d88b8cf89a8
  md5: 9acaf38d72dcddace144f28506d45afa
  depends:
  - __glibc >=2.17,<3.0.a0
  - libgcc 15.2.0 h767d61c_6
  license: GPL-3.0-only WITH GCC-exception-3.1
  license_family: GPL
  purls: []
  size: 3903545
  timestamp: 1759796640725
- conda: https://conda.anaconda.org/conda-forge/linux-64/libstdcxx-ng-15.2.0-h4852527_6.conda
  sha256: 462fa002d3ab6702045ee330ab45719ac2958a092a4634a955cebc095f564794
  md5: 89611cb5b685d19e6201065720f97561
  depends:
  - libstdcxx 15.2.0 h8f9b012_6
  license: GPL-3.0-only WITH GCC-exception-3.1
  license_family: GPL
  purls: []
  size: 29290
  timestamp: 1759796693929
- conda: https://conda.anaconda.org/conda-forge/linux-64/libtorch-2.9.1-cpu_mkl_hb142093_104.conda
  sha256: 9ffb1d416237ccdbf84f6fe17cfc0e4665fb76a00a2be2d208c5136506069558
  md5: 33ad990354620c5a805a4e9a70839420
  depends:
  - __glibc >=2.17,<3.0.a0
  - _openmp_mutex * *_llvm
  - _openmp_mutex >=4.5
  - fmt >=12.1.0,<12.2.0a0
  - libabseil * cxx17*
  - libabseil >=20250512.1,<20250513.0a0
  - libblas * *mkl
  - libcblas >=3.11.0,<4.0a0
  - libgcc >=14
  - libprotobuf >=6.31.1,<6.31.2.0a0
  - libstdcxx >=14
  - libuv >=1.51.0,<2.0a0
  - libzlib >=1.3.1,<2.0a0
  - llvm-openmp >=21.1.8
  - mkl >=2025.3.0,<2026.0a0
  - pybind11-abi 11
  - sleef >=3.9.0,<4.0a0
  constrains:
  - pytorch-gpu <0.0a0
  - pytorch-cpu 2.9.1
  - pytorch 2.9.1 cpu_mkl_*_104
  license: BSD-3-Clause
  license_family: BSD
  purls: []
  size: 60773581
  timestamp: 1769847779764
- conda: https://conda.anaconda.org/conda-forge/linux-64/libuuid-2.41.3-h5347b49_0.conda
  sha256: 1a7539cfa7df00714e8943e18de0b06cceef6778e420a5ee3a2a145773758aee
  md5: db409b7c1720428638e7c0d509d3e1b5
  depends:
  - __glibc >=2.17,<3.0.a0
  - libgcc >=14
  license: BSD-3-Clause
  license_family: BSD
  purls: []
  size: 40311
  timestamp: 1766271528534
- conda: https://conda.anaconda.org/conda-forge/linux-64/libuv-1.51.0-hb03c661_1.conda
  sha256: c180f4124a889ac343fc59d15558e93667d894a966ec6fdb61da1604481be26b
  md5: 0f03292cc56bf91a077a134ea8747118
  depends:
  - __glibc >=2.17,<3.0.a0
  - libgcc >=14
  license: MIT
  license_family: MIT
  purls: []
  size: 895108
  timestamp: 1753948278280
- conda: https://conda.anaconda.org/conda-forge/linux-64/libxml2-2.15.1-h26afc86_0.conda
  sha256: ec0735ae56c3549149eebd7dc22c0bed91fd50c02eaa77ff418613ddda190aa8
  md5: e512be7dc1f84966d50959e900ca121f
  depends:
  - __glibc >=2.17,<3.0.a0
  - icu >=75.1,<76.0a0
  - libgcc >=14
  - libiconv >=1.18,<2.0a0
  - liblzma >=5.8.1,<6.0a0
  - libxml2-16 2.15.1 ha9997c6_0
  - libzlib >=1.3.1,<2.0a0
  license: MIT
  license_family: MIT
  purls: []
  size: 45283
  timestamp: 1761015644057
- conda: https://conda.anaconda.org/conda-forge/linux-64/libxml2-16-2.15.1-ha9997c6_0.conda
  sha256: 71436e72a286ef8b57d6f4287626ff91991eb03c7bdbe835280521791efd1434
  md5: e7733bc6785ec009e47a224a71917e84
  depends:
  - __glibc >=2.17,<3.0.a0
  - icu >=75.1,<76.0a0
  - libgcc >=14
  - libiconv >=1.18,<2.0a0
  - liblzma >=5.8.1,<6.0a0
  - libzlib >=1.3.1,<2.0a0
  constrains:
  - libxml2 2.15.1
  license: MIT
  license_family: MIT
  purls: []
  size: 556302
  timestamp: 1761015637262
- conda: https://conda.anaconda.org/conda-forge/linux-64/libzlib-1.3.1-hb9d3cd8_2.conda
  sha256: d4bfe88d7cb447768e31650f06257995601f89076080e76df55e3112d4e47dc4
  md5: edb0dca6bc32e4f4789199455a1dbeb8
  depends:
  - __glibc >=2.17,<3.0.a0
  - libgcc >=13
  constrains:
  - zlib 1.3.1 *_2
  license: Zlib
  license_family: Other
  purls: []
  size: 60963
  timestamp: 1727963148474
- conda: https://conda.anaconda.org/conda-forge/linux-64/llvm-openmp-21.1.8-h4922eb0_0.conda
  sha256: a5a7ad16eecbe35cac63e529ea9c261bef4ccdd68cb1db247409f04529423989
  md5: f8640b709b37dc7758ddce45ea18d000
  depends:
  - __glibc >=2.17,<3.0.a0
  constrains:
  - intel-openmp <0.0a0
  - openmp 21.1.8|21.1.8.*
  license: Apache-2.0 WITH LLVM-exception
  license_family: APACHE
  purls: []
  size: 6127279
  timestamp: 1765964409311
- conda: https://conda.anaconda.org/conda-forge/linux-64/markupsafe-3.0.3-py313h3dea7bd_0.conda
  sha256: a530a411bdaaf0b1e4de8869dfaca46cb07407bc7dc0702a9e231b0e5ce7ca85
  md5: c14389156310b8ed3520d84f854be1ee
  depends:
  - __glibc >=2.17,<3.0.a0
  - libgcc >=14
  - python >=3.13,<3.14.0a0
  - python_abi 3.13.* *_cp313
  constrains:
  - jinja2 >=3.0.0
  license: BSD-3-Clause
  license_family: BSD
  purls:
  - pkg:pypi/markupsafe?source=hash-mapping
  size: 25909
  timestamp: 1759055357045
- conda: https://conda.anaconda.org/conda-forge/noarch/matplotlib-inline-0.2.1-pyhd8ed1ab_0.conda
  sha256: 9d690334de0cd1d22c51bc28420663f4277cfa60d34fa5cad1ce284a13f1d603
  md5: 00e120ce3e40bad7bfc78861ce3c4a25
  depends:
  - python >=3.10
  - traitlets
  license: BSD-3-Clause
  license_family: BSD
  purls:
  - pkg:pypi/matplotlib-inline?source=hash-mapping
  size: 15175
  timestamp: 1761214578417
- pypi: https://files.pythonhosted.org/packages/f9/23/6b4c733aa2900cfc7b9856a649d5cfd173914bfa73b6069a63a115506d9a/metatensor_core-0.1.19-py3-none-manylinux2014_x86_64.manylinux_2_17_x86_64.whl
  name: metatensor-core
  version: 0.1.19
  sha256: 848fbc0d9b5886ba65255967d307b114c437fde67c615b9d9760373987a10ee4
  requires_dist:
  - numpy
  requires_python: '>=3.10'
- pypi: https://files.pythonhosted.org/packages/63/e6/60691e210a43b738249ee9abb3f2343dece72d0b821fda3d4023e061d26a/metatensor_operations-0.4.0-py3-none-any.whl
  name: metatensor-operations
  version: 0.4.0
  sha256: c4b7b508dd08c0f687f8e46875651c3be6e586fe8b5be7c7a7b51f2e291490ec
  requires_dist:
  - metatensor-core>=0.1.15,<0.2.0
  requires_python: '>=3.10'
- pypi: https://files.pythonhosted.org/packages/46/c7/844739309a227216e3b20049ec76cc0c0ca769c56d46f2434488316f5bbd/metatensor_torch-0.8.4-py3-none-manylinux2014_x86_64.manylinux_2_17_x86_64.manylinux_2_28_x86_64.whl
  name: metatensor-torch
  version: 0.8.4
  sha256: b54b11676a309d53f0f2ebe5d668f9144dd1c9bd9b8d4b17a4fc494aaf019a4f
  requires_dist:
  - torch>=2.1,<2.11
  - metatensor-core>=0.1.18,<0.2
  requires_python: '>=3.10'
- pypi: https://files.pythonhosted.org/packages/85/4e/3b2a61f99bc2e9f18ad68b6f8ed91c132a618aa84ebccd98e42dc9cf2f22/metatomic_torch-0.1.7-py3-none-manylinux2014_x86_64.manylinux_2_17_x86_64.manylinux_2_28_x86_64.whl
  name: metatomic-torch
  version: 0.1.7
  sha256: 9dacf9c51d1010e0912cbb0ba373c5a1e63dd10cf16a7166542092504f0cf832
  requires_dist:
  - torch>=2.1,<2.10
  - vesin
  - metatensor-torch>=0.8.0,<0.9
  - metatensor-operations>=0.4.0,<0.5
  requires_python: '>=3.10'
- conda: https://conda.anaconda.org/conda-forge/linux-64/mkl-2025.3.0-h0e700b2_463.conda
  sha256: 659d79976f06d2b796a0836414573a737a0856b05facfa77e5cc114081a8b3d4
  md5: f121ddfc96e6a93a26d85906adf06208
  depends:
  - __glibc >=2.17,<3.0.a0
  - _openmp_mutex * *_llvm
  - _openmp_mutex >=4.5
  - libgcc >=14
  - libstdcxx >=14
  - llvm-openmp >=21.1.8
  - tbb >=2022.3.0
  license: LicenseRef-IntelSimplifiedSoftwareOct2022
  license_family: Proprietary
  purls: []
  size: 125728406
  timestamp: 1767634121080
- conda: https://conda.anaconda.org/conda-forge/linux-64/mpc-1.3.1-h24ddda3_1.conda
  sha256: 1bf794ddf2c8b3a3e14ae182577c624fa92dea975537accff4bc7e5fea085212
  md5: aa14b9a5196a6d8dd364164b7ce56acf
  depends:
  - __glibc >=2.17,<3.0.a0
  - gmp >=6.3.0,<7.0a0
  - libgcc >=13
  - mpfr >=4.2.1,<5.0a0
  license: LGPL-3.0-or-later
  license_family: LGPL
  purls: []
  size: 116777
  timestamp: 1725629179524
- conda: https://conda.anaconda.org/conda-forge/linux-64/mpfr-4.2.1-h90cbb55_3.conda
  sha256: f25d2474dd557ca66c6231c8f5ace5af312efde1ba8290a6ea5e1732a4e669c0
  md5: 2eeb50cab6652538eee8fc0bc3340c81
  depends:
  - __glibc >=2.17,<3.0.a0
  - gmp >=6.3.0,<7.0a0
  - libgcc >=13
  license: LGPL-3.0-only
  license_family: LGPL
  purls: []
  size: 634751
  timestamp: 1725746740014
- conda: https://conda.anaconda.org/conda-forge/noarch/mpmath-1.3.0-pyhd8ed1ab_1.conda
  sha256: 7d7aa3fcd6f42b76bd711182f3776a02bef09a68c5f117d66b712a6d81368692
  md5: 3585aa87c43ab15b167b574cd73b057b
  depends:
  - python >=3.9
  license: BSD-3-Clause
  license_family: BSD
  purls:
  - pkg:pypi/mpmath?source=hash-mapping
  size: 439705
  timestamp: 1733302781386
- conda: https://conda.anaconda.org/conda-forge/linux-64/ncurses-6.5-h2d0b736_3.conda
  sha256: 3fde293232fa3fca98635e1167de6b7c7fda83caf24b9d6c91ec9eefb4f4d586
  md5: 47e340acb35de30501a76c7c799c41d7
  depends:
  - __glibc >=2.17,<3.0.a0
  - libgcc >=13
  license: X11 AND BSD-3-Clause
  purls: []
  size: 891641
  timestamp: 1738195959188
- conda: https://conda.anaconda.org/conda-forge/noarch/networkx-3.6.1-pyhcf101f3_0.conda
  sha256: f6a82172afc50e54741f6f84527ef10424326611503c64e359e25a19a8e4c1c6
  md5: a2c1eeadae7a309daed9d62c96012a2b
  depends:
  - python >=3.11
  - python
  constrains:
  - numpy >=1.25
  - scipy >=1.11.2
  - matplotlib-base >=3.8
  - pandas >=2.0
  license: BSD-3-Clause
  license_family: BSD
  purls:
  - pkg:pypi/networkx?source=hash-mapping
  size: 1587439
  timestamp: 1765215107045
- conda: https://conda.anaconda.org/conda-forge/linux-64/nodejs-24.9.0-heeeca48_0.conda
  sha256: 6abb823fd4d28e6474f40dfcf38e772e5869ee755be855cf5d2c0d49f888c75e
  md5: 8a2a73951c1ea275e76fb1b92d97ff3e
  depends:
  - __glibc >=2.28,<3.0.a0
  - libstdcxx >=14
  - libgcc >=14
  - libuv >=1.51.0,<2.0a0
  - openssl >=3.5.3,<4.0a0
  - icu >=75.1,<76.0a0
  - libzlib >=1.3.1,<2.0a0
  license: MIT
  license_family: MIT
  purls: []
  size: 25557455
  timestamp: 1759064044872
- conda: https://conda.anaconda.org/conda-forge/linux-64/numpy-2.4.1-py313hf6604e3_0.conda
  sha256: 4333872cc068f1ba559026ce805a25a91c2ae4e4f804691cf7fa0f43682e9b3a
  md5: 7d51e3bef1a4b00bde1861d85ba2f874
  depends:
  - python
  - libgcc >=14
  - libstdcxx >=14
  - __glibc >=2.17,<3.0.a0
  - liblapack >=3.9.0,<4.0a0
  - libblas >=3.9.0,<4.0a0
  - python_abi 3.13.* *_cp313
  - libcblas >=3.9.0,<4.0a0
  constrains:
  - numpy-base <0a0
  license: BSD-3-Clause
  license_family: BSD
  purls:
  - pkg:pypi/numpy?source=hash-mapping
  size: 8854901
  timestamp: 1768085657805
- conda: https://conda.anaconda.org/conda-forge/linux-64/openssl-3.5.4-h26f9b46_0.conda
  sha256: e807f3bad09bdf4075dbb4168619e14b0c0360bacb2e12ef18641a834c8c5549
  md5: 14edad12b59ccbfa3910d42c72adc2a0
  depends:
  - __glibc >=2.17,<3.0.a0
  - ca-certificates
  - libgcc >=14
  license: Apache-2.0
  license_family: Apache
  purls: []
  size: 3119624
  timestamp: 1759324353651
- conda: https://conda.anaconda.org/conda-forge/linux-64/optree-0.18.0-py313h7037e92_0.conda
  sha256: b804456be2a77dddf195d4348e2f8ce2773c345bbff7243278dba663719ee4f9
  md5: 33901d2cb4969c6b57eefe767d69fa69
  depends:
  - __glibc >=2.17,<3.0.a0
  - libgcc >=14
  - libstdcxx >=14
  - python >=3.13,<3.14.0a0
  - python_abi 3.13.* *_cp313
  - typing-extensions >=4.12
  license: Apache-2.0
  license_family: Apache
  purls:
  - pkg:pypi/optree?source=hash-mapping
  size: 455343
  timestamp: 1763124565369
- conda: https://conda.anaconda.org/conda-forge/noarch/parso-0.8.5-pyhcf101f3_0.conda
  sha256: 30de7b4d15fbe53ffe052feccde31223a236dae0495bab54ab2479de30b2990f
  md5: a110716cdb11cf51482ff4000dc253d7
  depends:
  - python >=3.10
  - python
  license: MIT
  license_family: MIT
  purls:
  - pkg:pypi/parso?source=hash-mapping
  size: 81562
  timestamp: 1755974222274
- conda: https://conda.anaconda.org/conda-forge/noarch/pexpect-4.9.0-pyhd8ed1ab_1.conda
  sha256: 202af1de83b585d36445dc1fda94266697341994d1a3328fabde4989e1b3d07a
  md5: d0d408b1f18883a944376da5cf8101ea
  depends:
  - ptyprocess >=0.5
  - python >=3.9
  license: ISC
  purls:
  - pkg:pypi/pexpect?source=hash-mapping
  size: 53561
  timestamp: 1733302019362
- conda: https://conda.anaconda.org/conda-forge/noarch/pip-26.0.1-pyh145f28c_0.conda
  sha256: 5f66ea31d62188c266c5a8752119b0cc90a5bf05963f665cf48a33e0ec58d39c
  md5: 09a970fbf75e8ed1aa633827ded6aa4f
  depends:
  - python >=3.13.0a0
  license: MIT
  license_family: MIT
  purls:
  - pkg:pypi/pip?source=compressed-mapping
  size: 1180743
  timestamp: 1770270312477
- conda: https://conda.anaconda.org/conda-forge/noarch/prompt-toolkit-3.0.52-pyha770c72_0.conda
  sha256: 4817651a276016f3838957bfdf963386438c70761e9faec7749d411635979bae
  md5: edb16f14d920fb3faf17f5ce582942d6
  depends:
  - python >=3.10
  - wcwidth
  constrains:
  - prompt_toolkit 3.0.52
  license: BSD-3-Clause
  license_family: BSD
  purls:
  - pkg:pypi/prompt-toolkit?source=hash-mapping
  size: 273927
  timestamp: 1756321848365
- conda: https://conda.anaconda.org/conda-forge/noarch/ptyprocess-0.7.0-pyhd8ed1ab_1.conda
  sha256: a7713dfe30faf17508ec359e0bc7e0983f5d94682492469bd462cdaae9c64d83
  md5: 7d9daffbb8d8e0af0f769dbbcd173a54
  depends:
  - python >=3.9
  license: ISC
  purls:
  - pkg:pypi/ptyprocess?source=hash-mapping
  size: 19457
  timestamp: 1733302371990
- conda: https://conda.anaconda.org/conda-forge/noarch/pure_eval-0.2.3-pyhd8ed1ab_1.conda
  sha256: 71bd24600d14bb171a6321d523486f6a06f855e75e547fa0cb2a0953b02047f0
  md5: 3bfdfb8dbcdc4af1ae3f9a8eb3948f04
  depends:
  - python >=3.9
  license: MIT
  license_family: MIT
  purls:
  - pkg:pypi/pure-eval?source=hash-mapping
  size: 16668
  timestamp: 1733569518868
- conda: https://conda.anaconda.org/conda-forge/noarch/pybind11-3.0.1-pyh7a1b43c_0.conda
  sha256: 2558727093f13d4c30e124724566d16badd7de532fd8ee7483628977117d02be
  md5: 70ece62498c769280f791e836ac53fff
  depends:
  - python >=3.8
  - pybind11-global ==3.0.1 *_0
  - python
  constrains:
  - pybind11-abi ==11
  license: BSD-3-Clause
  license_family: BSD
  purls:
  - pkg:pypi/pybind11?source=hash-mapping
  size: 232875
  timestamp: 1755953378112
- conda: https://conda.anaconda.org/conda-forge/noarch/pybind11-abi-11-hc364b38_1.conda
  sha256: 9e7fe12f727acd2787fb5816b2049cef4604b7a00ad3e408c5e709c298ce8bf1
  md5: f0599959a2447c1e544e216bddf393fa
  license: BSD-3-Clause
  license_family: BSD
  purls: []
  size: 14671
  timestamp: 1752769938071
- conda: https://conda.anaconda.org/conda-forge/noarch/pybind11-global-3.0.1-pyhc7ab6ef_0.conda
  sha256: f11a5903879fe3a24e0d28329cb2b1945127e85a4cdb444b45545cf079f99e2d
  md5: fe10b422ce8b5af5dab3740e4084c3f9
  depends:
  - python >=3.8
  - __unix
  - python
  constrains:
  - pybind11-abi ==11
  license: BSD-3-Clause
  license_family: BSD
  purls:
  - pkg:pypi/pybind11-global?source=hash-mapping
  size: 228871
  timestamp: 1755953338243
- conda: https://conda.anaconda.org/conda-forge/noarch/pygments-2.19.2-pyhd8ed1ab_0.conda
  sha256: 5577623b9f6685ece2697c6eb7511b4c9ac5fb607c9babc2646c811b428fd46a
  md5: 6b6ece66ebcae2d5f326c77ef2c5a066
  depends:
  - python >=3.9
  license: BSD-2-Clause
  license_family: BSD
  purls:
  - pkg:pypi/pygments?source=hash-mapping
  size: 889287
  timestamp: 1750615908735
- conda: https://conda.anaconda.org/conda-forge/linux-64/python-3.13.11-hc97d973_101_cp313.conda
  build_number: 101
  sha256: c9625638f32f4ee27a506e8cefc56a78110c4c54867663f56d91dc721df9dc7f
  md5: aa23b675b860f2566af2dfb3ffdf3b8c
  depends:
  - __glibc >=2.17,<3.0.a0
  - bzip2 >=1.0.8,<2.0a0
  - ld_impl_linux-64 >=2.36.1
  - libexpat >=2.7.3,<3.0a0
  - libffi >=3.5.2,<3.6.0a0
  - libgcc >=14
  - liblzma >=5.8.2,<6.0a0
  - libmpdec >=4.0.0,<5.0a0
  - libsqlite >=3.51.2,<4.0a0
  - libuuid >=2.41.3,<3.0a0
  - libzlib >=1.3.1,<2.0a0
  - ncurses >=6.5,<7.0a0
  - openssl >=3.5.4,<4.0a0
  - python_abi 3.13.* *_cp313
  - readline >=8.3,<9.0a0
  - tk >=8.6.13,<8.7.0a0
  - tzdata
  license: Python-2.0
  purls: []
  size: 37170676
  timestamp: 1769473304794
  python_site_packages_path: lib/python3.13/site-packages
- conda: https://conda.anaconda.org/conda-forge/noarch/python_abi-3.13-8_cp313.conda
  build_number: 8
  sha256: 210bffe7b121e651419cb196a2a63687b087497595c9be9d20ebe97dd06060a7
  md5: 94305520c52a4aa3f6c2b1ff6008d9f8
  constrains:
  - python 3.13.* *_cp313
  license: BSD-3-Clause
  license_family: BSD
  purls: []
  size: 7002
  timestamp: 1752805902938
- conda: https://conda.anaconda.org/conda-forge/linux-64/pytorch-2.9.1-cpu_mkl_py313_hc56ae27_104.conda
  sha256: 266962800b72ed74e2f3d562fa63bf920d618d2cae5dc2c738a7ba72b9d6d376
  md5: d1dedd7587e28ea93b0f94e162a0b6a2
  depends:
  - __glibc >=2.17,<3.0.a0
  - _openmp_mutex * *_llvm
  - _openmp_mutex >=4.5
  - filelock
  - fmt >=12.1.0,<12.2.0a0
  - fsspec
  - jinja2
  - libabseil * cxx17*
  - libabseil >=20250512.1,<20250513.0a0
  - libblas * *mkl
  - libcblas >=3.11.0,<4.0a0
  - libgcc >=14
  - libprotobuf >=6.31.1,<6.31.2.0a0
  - libstdcxx >=14
  - libtorch 2.9.1 cpu_mkl_hb142093_104
  - libuv >=1.51.0,<2.0a0
  - libzlib >=1.3.1,<2.0a0
  - llvm-openmp >=21.1.8
  - mkl >=2025.3.0,<2026.0a0
  - networkx
  - numpy >=1.23,<3
  - optree >=0.13.0
  - pybind11
  - pybind11-abi 11
  - python >=3.13,<3.14.0a0
  - python_abi 3.13.* *_cp313
  - setuptools
  - sleef >=3.9.0,<4.0a0
  - sympy >=1.13.3
  - typing_extensions >=4.10.0
  constrains:
  - pytorch-gpu <0.0a0
  - pytorch-cpu 2.9.1
  license: BSD-3-Clause
  license_family: BSD
  purls:
  - pkg:pypi/torch?source=hash-mapping
  size: 25529275
  timestamp: 1769851210473
- conda: https://conda.anaconda.org/conda-forge/linux-64/readline-8.3-h853b02a_0.conda
  sha256: 12ffde5a6f958e285aa22c191ca01bbd3d6e710aa852e00618fa6ddc59149002
  md5: d7d95fc8287ea7bf33e0e7116d2b95ec
  depends:
  - __glibc >=2.17,<3.0.a0
  - libgcc >=14
  - ncurses >=6.5,<7.0a0
  license: GPL-3.0-only
  license_family: GPL
  purls: []
  size: 345073
  timestamp: 1765813471974
- conda: https://conda.anaconda.org/conda-forge/noarch/setuptools-80.10.2-pyh332efcf_0.conda
  sha256: f5fcb7854d2b7639a5b1aca41dd0f2d5a69a60bbc313e7f192e2dc385ca52f86
  md5: 7b446fcbb6779ee479debb4fd7453e6c
  depends:
  - python >=3.10
  license: MIT
  license_family: MIT
  purls:
  - pkg:pypi/setuptools?source=compressed-mapping
  size: 678888
  timestamp: 1769601206751
- conda: https://conda.anaconda.org/conda-forge/linux-64/sleef-3.9.0-ha0421bc_0.conda
  sha256: 57afc2ab5bdb24cf979964018dddbc5dfaee130b415e6863765e45aed2175ee4
  md5: e8a0b4f5e82ecacffaa5e805020473cb
  depends:
  - __glibc >=2.17,<3.0.a0
  - _openmp_mutex >=4.5
  - libgcc >=14
  - libstdcxx >=14
  license: BSL-1.0
  purls: []
  size: 1951720
  timestamp: 1756274576844
- conda: https://conda.anaconda.org/conda-forge/noarch/stack_data-0.6.3-pyhd8ed1ab_1.conda
  sha256: 570da295d421661af487f1595045760526964f41471021056e993e73089e9c41
  md5: b1b505328da7a6b246787df4b5a49fbc
  depends:
  - asttokens
  - executing
  - pure_eval
  - python >=3.9
  license: MIT
  license_family: MIT
  purls:
  - pkg:pypi/stack-data?source=hash-mapping
  size: 26988
  timestamp: 1733569565672
- conda: https://conda.anaconda.org/conda-forge/noarch/sympy-1.14.0-pyh2585a3b_105.conda
  sha256: 09d3b6ac51d437bc996ad006d9f749ca5c645c1900a854a6c8f193cbd13f03a8
  md5: 8c09fac3785696e1c477156192d64b91
  depends:
  - __unix
  - cpython
  - gmpy2 >=2.0.8
  - mpmath >=0.19
  - python >=3.9
  license: BSD-3-Clause
  license_family: BSD
  purls:
  - pkg:pypi/sympy?source=hash-mapping
  size: 4616621
  timestamp: 1745946173026
- conda: https://conda.anaconda.org/conda-forge/linux-64/tbb-2022.3.0-hb700be7_2.conda
  sha256: 975710e4b7f1b13c3c30b7fbf21e22f50abe0463b6b47a231582fdedcc45c961
  md5: 8f7278ca5f7456a974992a8b34284737
  depends:
  - __glibc >=2.17,<3.0.a0
  - libgcc >=14
  - libhwloc >=2.12.2,<2.12.3.0a0
  - libstdcxx >=14
  license: Apache-2.0
  license_family: APACHE
  purls: []
  size: 181329
  timestamp: 1767886632911
- conda: https://conda.anaconda.org/conda-forge/linux-64/tk-8.6.13-noxft_h366c992_103.conda
  sha256: cafeec44494f842ffeca27e9c8b0c27ed714f93ac77ddadc6aaf726b5554ebac
  md5: cffd3bdd58090148f4cfcd831f4b26ab
  depends:
  - __glibc >=2.17,<3.0.a0
  - libgcc >=14
  - libzlib >=1.3.1,<2.0a0
  constrains:
  - xorg-libx11 >=1.8.12,<2.0a0
  license: TCL
  license_family: BSD
  purls: []
  size: 3301196
  timestamp: 1769460227866
- conda: https://conda.anaconda.org/conda-forge/noarch/traitlets-5.14.3-pyhd8ed1ab_1.conda
  sha256: f39a5620c6e8e9e98357507262a7869de2ae8cc07da8b7f84e517c9fd6c2b959
  md5: 019a7385be9af33791c989871317e1ed
  depends:
  - python >=3.9
  license: BSD-3-Clause
  license_family: BSD
  purls:
  - pkg:pypi/traitlets?source=hash-mapping
  size: 110051
  timestamp: 1733367480074
- conda: https://conda.anaconda.org/conda-forge/noarch/typing-extensions-4.15.0-h396c80c_0.conda
  sha256: 7c2df5721c742c2a47b2c8f960e718c930031663ac1174da67c1ed5999f7938c
  md5: edd329d7d3a4ab45dcf905899a7a6115
  depends:
  - typing_extensions ==4.15.0 pyhcf101f3_0
  license: PSF-2.0
  license_family: PSF
  purls: []
  size: 91383
  timestamp: 1756220668932
- conda: https://conda.anaconda.org/conda-forge/noarch/typing_extensions-4.15.0-pyhcf101f3_0.conda
  sha256: 032271135bca55aeb156cee361c81350c6f3fb203f57d024d7e5a1fc9ef18731
  md5: 0caa1af407ecff61170c9437a808404d
  depends:
  - python >=3.10
  - python
  license: PSF-2.0
  license_family: PSF
  purls:
  - pkg:pypi/typing-extensions?source=hash-mapping
  size: 51692
  timestamp: 1756220668932
- conda: https://conda.anaconda.org/conda-forge/noarch/tzdata-2025c-hc9c84f9_1.conda
  sha256: 1d30098909076af33a35017eed6f2953af1c769e273a0626a04722ac4acaba3c
  md5: ad659d0a2b3e47e38d829aa8cad2d610
  license: LicenseRef-Public-Domain
  purls: []
  size: 119135
  timestamp: 1767016325805
- conda: https://conda.anaconda.org/conda-forge/linux-64/uv-0.9.30-h6dd6661_0.conda
  sha256: 8ced98b57830e3aa39399839ed42d4f5b4e9e4caa373496de028ba084d51d8ae
  md5: 492cc22df20eb2ca8cc240e65e477528
  depends:
  - libstdcxx >=14
  - libgcc >=14
  - __glibc >=2.17,<3.0.a0
  constrains:
  - __glibc >=2.17
  license: Apache-2.0 OR MIT
  purls: []
  size: 18049463
  timestamp: 1770250612772
- pypi: https://files.pythonhosted.org/packages/f6/66/fe9c41fcf5fe73637997e632a488637d8283fe7bed327b147d26e4964a20/vesin-0.4.2-py3-none-manylinux2014_x86_64.manylinux_2_17_x86_64.whl
  name: vesin
  version: 0.4.2
  sha256: 72b7c3e26860c5a751fa18676f9487057a1a1f0c50993fedfe1909e33ba608f2
  requires_dist:
  - numpy
  - vesin-torch ; extra == 'torch'
  requires_python: '>=3.10'
- conda: https://conda.anaconda.org/conda-forge/noarch/wcwidth-0.5.3-pyhd8ed1ab_0.conda
  sha256: 2395599ec9e37e6f21838bb26e7f2336fa03a4b1460ba10897ec856b21ac7d59
  md5: 36432484e9ce3b073a51bf138767a593
  depends:
  - python >=3.10
  license: MIT
  license_family: MIT
  purls:
  - pkg:pypi/wcwidth?source=compressed-mapping
  size: 70539
  timestamp: 1769858722627
- conda: https://conda.anaconda.org/conda-forge/linux-64/zstd-1.5.7-hb78ec9c_6.conda
  sha256: 68f0206ca6e98fea941e5717cec780ed2873ffabc0e1ed34428c061e2c6268c7
  md5: 4a13eeac0b5c8e5b8ab496e6c4ddd829
  depends:
  - __glibc >=2.17,<3.0.a0
  - libzlib >=1.3.1,<2.0a0
  license: BSD-3-Clause
  license_family: BSD
  purls: []
  size: 601375
  timestamp: 1764777111296
